
Microsoft Visual Studio Solution File, Format Version 12.00
# Visual Studio Version 16
VisualStudioVersion = 16.0.30804.86
MinimumVisualStudioVersion = 10.0.40219.1
Project("{FAE04EC0-301F-11D3-BF4B-00C04F79EFBC}") = "SqlInjection", "SqlInjection\SqlInjection.csproj", "{2E356BD3-BEDD-438C-86CC-339FCC79833D}"
EndProject
Global
	GlobalSection(SolutionConfigurationPlatforms) = preSolution
		Debug|Any CPU = Debug|Any CPU
		Release|Any CPU = Release|Any CPU
	EndGlobalSection
	GlobalSection(ProjectConfigurationPlatforms) = postSolution
		{2E356BD3-BEDD-438C-86CC-339FCC79833D}.Debug|Any CPU.ActiveCfg = Debug|Any CPU
		{2E356BD3-BEDD-438C-86CC-339FCC79833D}.Debug|Any CPU.Build.0 = Debug|Any CPU
		{2E356BD3-BEDD-438C-86CC-339FCC79833D}.Release|Any CPU.ActiveCfg = Release|Any CPU
		{2E356BD3-BEDD-438C-86CC-339FCC79833D}.Release|Any CPU.Build.0 = Release|Any CPU
	EndGlobalSection
	GlobalSection(SolutionProperties) = preSolution
		HideSolutionNode = FALSE
	EndGlobalSection
	GlobalSection(ExtensibilityGlobals) = postSolution
		SolutionGuid = {60925F97-5A60-4448-9F02-5E3CFFE57AAF}
	EndGlobalSection
EndGlobal
